
Microsoft Visual Studio Solution File, Format Version 12.00
# Visual Studio 15
VisualStudioVersion = 15.0.27428.2043
MinimumVisualStudioVersion = 10.0.40219.1
Project("{FAE04EC0-301F-11D3-BF4B-00C04F79EFBC}") = "accord", "accord\accord.csproj", "{1CA3B0EF-2FBF-4AA0-BCC6-A534799B3953}"
EndProject
Global
	GlobalSection(SolutionConfigurationPlatforms) = preSolution
		Debug|Any CPU = Debug|Any CPU
		Release|Any CPU = Release|Any CPU
	EndGlobalSection
	GlobalSection(ProjectConfigurationPlatforms) = postSolution
		{1CA3B0EF-2FBF-4AA0-BCC6-A534799B3953}.Debug|Any CPU.ActiveCfg = Debug|Any CPU
		{1CA3B0EF-2FBF-4AA0-BCC6-A534799B3953}.Debug|Any CPU.Build.0 = Debug|Any CPU
		{1CA3B0EF-2FBF-4AA0-BCC6-A534799B3953}.Release|Any CPU.ActiveCfg = Release|Any CPU
		{1CA3B0EF-2FBF-4AA0-BCC6-A534799B3953}.Release|Any CPU.Build.0 = Release|Any CPU
	EndGlobalSection
	GlobalSection(SolutionProperties) = preSolution
		HideSolutionNode = FALSE
	EndGlobalSection
	GlobalSection(ExtensibilityGlobals) = postSolution
		SolutionGuid = {BC8DEEF3-5818-4DF4-AB69-EC95298F9213}
	EndGlobalSection
EndGlobal
